
Microsoft Visual Studio Solution File, Format Version 12.00
# Visual Studio Version 16
VisualStudioVersion = 16.0.31321.278
MinimumVisualStudioVersion = 10.0.40219.1
Project("{9A19103F-16F7-4668-BE54-9A1E7A4F7556}") = "GymLive.API", "GymLive.API\GymLive.API.csproj", "{27FE9347-E96A-449A-8F19-4956858E4E6C}"
EndProject
Project("{9A19103F-16F7-4668-BE54-9A1E7A4F7556}") = "GymLive.Application", "GymLive.Application\GymLive.Application.csproj", "{D770B052-E1C8-4A93-A99E-8946580215B6}"
EndProject
Project("{9A19103F-16F7-4668-BE54-9A1E7A4F7556}") = "GymLive.Domain", "GymLive.Domain\GymLive.Domain.csproj", "{FA5640A4-7FD9-4276-B20A-9D85B0FB877B}"
EndProject
Global
	GlobalSection(SolutionConfigurationPlatforms) = preSolution
		Debug|Any CPU = Debug|Any CPU
		Release|Any CPU = Release|Any CPU
	EndGlobalSection
	GlobalSection(ProjectConfigurationPlatforms) = postSolution
		{27FE9347-E96A-449A-8F19-4956858E4E6C}.Debug|Any CPU.ActiveCfg = Debug|Any CPU
		{27FE9347-E96A-449A-8F19-4956858E4E6C}.Debug|Any CPU.Build.0 = Debug|Any CPU
		{27FE9347-E96A-449A-8F19-4956858E4E6C}.Release|Any CPU.ActiveCfg = Release|Any CPU
		{27FE9347-E96A-449A-8F19-4956858E4E6C}.Release|Any CPU.Build.0 = Release|Any CPU
		{D770B052-E1C8-4A93-A99E-8946580215B6}.Debug|Any CPU.ActiveCfg = Debug|Any CPU
		{D770B052-E1C8-4A93-A99E-8946580215B6}.Debug|Any CPU.Build.0 = Debug|Any CPU
		{D770B052-E1C8-4A93-A99E-8946580215B6}.Release|Any CPU.ActiveCfg = Release|Any CPU
		{D770B052-E1C8-4A93-A99E-8946580215B6}.Release|Any CPU.Build.0 = Release|Any CPU
		{FA5640A4-7FD9-4276-B20A-9D85B0FB877B}.Debug|Any CPU.ActiveCfg = Debug|Any CPU
		{FA5640A4-7FD9-4276-B20A-9D85B0FB877B}.Debug|Any CPU.Build.0 = Debug|Any CPU
		{FA5640A4-7FD9-4276-B20A-9D85B0FB877B}.Release|Any CPU.ActiveCfg = Release|Any CPU
		{FA5640A4-7FD9-4276-B20A-9D85B0FB877B}.Release|Any CPU.Build.0 = Release|Any CPU
	EndGlobalSection
	GlobalSection(SolutionProperties) = preSolution
		HideSolutionNode = FALSE
	EndGlobalSection
	GlobalSection(ExtensibilityGlobals) = postSolution
		SolutionGuid = {A3727BC7-9304-4833-A2A7-5241A70957EC}
	EndGlobalSection
EndGlobal
